// !$*UTF8*$!
{
	archiveVersion = 1;
	classes = {
	};
	objectVersion = 48;
	objects = {

/* Begin PBXBuildFile section */
		C687EEEC202772270094FE27 /* amego_advantage.png in Resources */ = {isa = PBXBuildFile; fileRef = C687EEEA202772270094FE27 /* amego_advantage.png */; };
		C687EEED202772270094FE27 /* amego_int.png in Resources */ = {isa = PBXBuildFile; fileRef = C687EEEB202772270094FE27 /* amego_int.png */; };
		C687EEEF202776CD0094FE27 /* TopImage.png in Resources */ = {isa = PBXBuildFile; fileRef = C687EEEE202776CC0094FE27 /* TopImage.png */; };
		C687EEF32027812C0094FE27 /* RegisterVC.swift in Sources */ = {isa = PBXBuildFile; fileRef = C687EEF22027812C0094FE27 /* RegisterVC.swift */; };
		C6C0A8C820302248008CA90C /* LoginController.swift in Sources */ = {isa = PBXBuildFile; fileRef = C6C0A8C720302248008CA90C /* LoginController.swift */; };
		C6C0A8CB20302514008CA90C /* AdvantageDetails.swift in Sources */ = {isa = PBXBuildFile; fileRef = C6C0A8CA20302514008CA90C /* AdvantageDetails.swift */; };
		C6C0A8CD2030252B008CA90C /* InternationalDetailScreen.swift in Sources */ = {isa = PBXBuildFile; fileRef = C6C0A8CC2030252B008CA90C /* InternationalDetailScreen.swift */; };
		CF0C6A492023007600721241 /* AppDelegate.swift in Sources */ = {isa = PBXBuildFile; fileRef = CF0C6A482023007600721241 /* AppDelegate.swift */; };
		CF0C6A4B2023007600721241 /* ViewController.swift in Sources */ = {isa = PBXBuildFile; fileRef = CF0C6A4A2023007600721241 /* ViewController.swift */; };
		CF0C6A4E2023007600721241 /* Main.storyboard in Resources */ = {isa = PBXBuildFile; fileRef = CF0C6A4C2023007600721241 /* Main.storyboard */; };
		CF0C6A502023007600721241 /* Assets.xcassets in Resources */ = {isa = PBXBuildFile; fileRef = CF0C6A4F2023007600721241 /* Assets.xcassets */; };
		CF0C6A532023007600721241 /* LaunchScreen.storyboard in Resources */ = {isa = PBXBuildFile; fileRef = CF0C6A512023007600721241 /* LaunchScreen.storyboard */; };
/* End PBXBuildFile section */

/* Begin PBXFileReference section */
		C687EEEA202772270094FE27 /* amego_advantage.png */ = {isa = PBXFileReference; lastKnownFileType = image.png; path = amego_advantage.png; sourceTree = "<group>"; };
		C687EEEB202772270094FE27 /* amego_int.png */ = {isa = PBXFileReference; lastKnownFileType = image.png; path = amego_int.png; sourceTree = "<group>"; };
		C687EEEE202776CC0094FE27 /* TopImage.png */ = {isa = PBXFileReference; lastKnownFileType = image.png; path = TopImage.png; sourceTree = "<group>"; };
		C687EEF22027812C0094FE27 /* RegisterVC.swift */ = {isa = PBXFileReference; lastKnownFileType = sourcecode.swift; path = RegisterVC.swift; sourceTree = "<group>"; };
		C6C0A8C720302248008CA90C /* LoginController.swift */ = {isa = PBXFileReference; lastKnownFileType = sourcecode.swift; path = LoginController.swift; sourceTree = "<group>"; };
		C6C0A8CA20302514008CA90C /* AdvantageDetails.swift */ = {isa = PBXFileReference; lastKnownFileType = sourcecode.swift; path = AdvantageDetails.swift; sourceTree = "<group>"; };
		C6C0A8CC2030252B008CA90C /* InternationalDetailScreen.swift */ = {isa = PBXFileReference; lastKnownFileType = sourcecode.swift; path = InternationalDetailScreen.swift; sourceTree = "<group>"; };
		CF0C6A452023007600721241 /* Amego.app */ = {isa = PBXFileReference; explicitFileType = wrapper.application; includeInIndex = 0; path = Amego.app; sourceTree = BUILT_PRODUCTS_DIR; };
		CF0C6A482023007600721241 /* AppDelegate.swift */ = {isa = PBXFileReference; lastKnownFileType = sourcecode.swift; path = AppDelegate.swift; sourceTree = "<group>"; };
		CF0C6A4A2023007600721241 /* ViewController.swift */ = {isa = PBXFileReference; lastKnownFileType = sourcecode.swift; path = ViewController.swift; sourceTree = "<group>"; };
		CF0C6A4D2023007600721241 /* Base */ = {isa = PBXFileReference; lastKnownFileType = file.storyboard; name = Base; path = Base.lproj/Main.storyboard; sourceTree = "<group>"; };
		CF0C6A4F2023007600721241 /* Assets.xcassets */ = {isa = PBXFileReference; lastKnownFileType = folder.assetcatalog; path = Assets.xcassets; sourceTree = "<group>"; };
		CF0C6A522023007600721241 /* Base */ = {isa = PBXFileReference; lastKnownFileType = file.storyboard; name = Base; path = Base.lproj/LaunchScreen.storyboard; sourceTree = "<group>"; };
		CF0C6A542023007600721241 /* Info.plist */ = {isa = PBXFileReference; lastKnownFileType = text.plist.xml; path = Info.plist; sourceTree = "<group>"; };
/* End PBXFileReference section */

/* Begin PBXFrameworksBuildPhase section */
		CF0C6A422023007600721241 /* Frameworks */ = {
			isa = PBXFrameworksBuildPhase;
			buildActionMask = 2147483647;
			files = (
			);
			runOnlyForDeploymentPostprocessing = 0;
		};
/* End PBXFrameworksBuildPhase section */

/* Begin PBXGroup section */
		C687EEE9202772270094FE27 /* Images */ = {
			isa = PBXGroup;
			children = (
				C687EEEA202772270094FE27 /* amego_advantage.png */,
				C687EEEE202776CC0094FE27 /* TopImage.png */,
				C687EEEB202772270094FE27 /* amego_int.png */,
			);
			path = Images;
			sourceTree = "<group>";
		};
		C687EEF0202781020094FE27 /* Controller */ = {
			isa = PBXGroup;
			children = (
				C6C0A8C9203024FB008CA90C /* OtherDetailsScreen */,
				C6C0A8C62030222D008CA90C /* LoginClass */,
				C687EEF1202781020094FE27 /* RegisterClass */,
			);
			path = Controller;
			sourceTree = "<group>";
		};
		C687EEF1202781020094FE27 /* RegisterClass */ = {
			isa = PBXGroup;
			children = (
				C687EEF22027812C0094FE27 /* RegisterVC.swift */,
			);
			path = RegisterClass;
			sourceTree = "<group>";
		};
		C6C0A8C62030222D008CA90C /* LoginClass */ = {
			isa = PBXGroup;
			children = (
				C6C0A8C720302248008CA90C /* LoginController.swift */,
			);
			path = LoginClass;
			sourceTree = "<group>";
		};
		C6C0A8C9203024FB008CA90C /* OtherDetailsScreen */ = {
			isa = PBXGroup;
			children = (
				C6C0A8CA20302514008CA90C /* AdvantageDetails.swift */,
				C6C0A8CC2030252B008CA90C /* InternationalDetailScreen.swift */,
			);
			path = OtherDetailsScreen;
			sourceTree = "<group>";
		};
		CF0C6A3C2023007600721241 = {
			isa = PBXGroup;
			children = (
				CF0C6A472023007600721241 /* Amego */,
				CF0C6A462023007600721241 /* Products */,
			);
			sourceTree = "<group>";
		};
		CF0C6A462023007600721241 /* Products */ = {
			isa = PBXGroup;
			children = (
				CF0C6A452023007600721241 /* Amego.app */,
			);
			name = Products;
			sourceTree = "<group>";
		};
		CF0C6A472023007600721241 /* Amego */ = {
			isa = PBXGroup;
			children = (
				C687EEF0202781020094FE27 /* Controller */,
				C687EEE9202772270094FE27 /* Images */,
				CF0C6A482023007600721241 /* AppDelegate.swift */,
				CF0C6A4A2023007600721241 /* ViewController.swift */,
				CF0C6A4C2023007600721241 /* Main.storyboard */,
				CF0C6A4F2023007600721241 /* Assets.xcassets */,
				CF0C6A512023007600721241 /* LaunchScreen.storyboard */,
				CF0C6A542023007600721241 /* Info.plist */,
			);
			path = Amego;
			sourceTree = "<group>";
		};
/* End PBXGroup section */

/* Begin PBXNativeTarget section */
		CF0C6A442023007600721241 /* Amego */ = {
			isa = PBXNativeTarget;
			buildConfigurationList = CF0C6A572023007600721241 /* Build configuration list for PBXNativeTarget "Amego" */;
			buildPhases = (
				CF0C6A412023007600721241 /* Sources */,
				CF0C6A422023007600721241 /* Frameworks */,
				CF0C6A432023007600721241 /* Resources */,
			);
			buildRules = (
			);
			dependencies = (
			);
			name = Amego;
			productName = Amego;
			productReference = CF0C6A452023007600721241 /* Amego.app */;
			productType = "com.apple.product-type.application";
		};
/* End PBXNativeTarget section */

/* Begin PBXProject section */
		CF0C6A3D2023007600721241 /* Project object */ = {
			isa = PBXProject;
			attributes = {
				LastSwiftUpdateCheck = 0920;
				LastUpgradeCheck = 0920;
				ORGANIZATIONNAME = Amego;
				TargetAttributes = {
					CF0C6A442023007600721241 = {
						CreatedOnToolsVersion = 9.2;
						ProvisioningStyle = Automatic;
					};
				};
			};
			buildConfigurationList = CF0C6A402023007600721241 /* Build configuration list for PBXProject "Amego" */;
			compatibilityVersion = "Xcode 8.0";
			developmentRegion = en;
			hasScannedForEncodings = 0;
			knownRegions = (
				en,
				Base,
			);
			mainGroup = CF0C6A3C2023007600721241;
			productRefGroup = CF0C6A462023007600721241 /* Products */;
			projectDirPath = "";
			projectRoot = "";
			targets = (
				CF0C6A442023007600721241 /* Amego */,
			);
		};
/* End PBXProject section */

/* Begin PBXResourcesBuildPhase section */
		CF0C6A432023007600721241 /* Resources */ = {
			isa = PBXResourcesBuildPhase;
			buildActionMask = 2147483647;
			files = (
				C687EEED202772270094FE27 /* amego_int.png in Resources */,
				CF0C6A532023007600721241 /* LaunchScreen.storyboard in Resources */,
				C687EEEC202772270094FE27 /* amego_advantage.png in Resources */,
				C687EEEF202776CD0094FE27 /* TopImage.png in Resources */,
				CF0C6A502023007600721241 /* Assets.xcassets in Resources */,
				CF0C6A4E2023007600721241 /* Main.storyboard in Resources */,
			);
			runOnlyForDeploymentPostprocessing = 0;
		};
/* End PBXResourcesBuildPhase section */

/* Begin PBXSourcesBuildPhase section */
		CF0C6A412023007600721241 /* Sources */ = {
			isa = PBXSourcesBuildPhase;
			buildActionMask = 2147483647;
			files = (
				C687EEF32027812C0094FE27 /* RegisterVC.swift in Sources */,
				C6C0A8C820302248008CA90C /* LoginController.swift in Sources */,
				CF0C6A4B2023007600721241 /* ViewController.swift in Sources */,
				CF0C6A492023007600721241 /* AppDelegate.swift in Sources */,
				C6C0A8CB20302514008CA90C /* AdvantageDetails.swift in Sources */,
				C6C0A8CD2030252B008CA90C /* InternationalDetailScreen.swift in Sources */,
			);
			runOnlyForDeploymentPostprocessing = 0;
		};
/* End PBXSourcesBuildPhase section */

/* Begin PBXVariantGroup section */
		CF0C6A4C2023007600721241 /* Main.storyboard */ = {
			isa = PBXVariantGroup;
			children = (
				CF0C6A4D2023007600721241 /* Base */,
			);
			name = Main.storyboard;
			sourceTree = "<group>";
		};
		CF0C6A512023007600721241 /* LaunchScreen.storyboard */ = {
			isa = PBXVariantGroup;
			children = (
				CF0C6A522023007600721241 /* Base */,
			);
			name = LaunchScreen.storyboard;
			sourceTree = "<group>";
		};
/* End PBXVariantGroup section */

/* Begin XCBuildConfiguration section */
		CF0C6A552023007600721241 /* Debug */ = {
			isa = XCBuildConfiguration;
			buildSettings = {
				ALWAYS_SEARCH_USER_PATHS = NO;
				CLANG_ANALYZER_NONNULL = YES;
				CLANG_ANALYZER_NUMBER_OBJECT_CONVERSION = YES_AGGRESSIVE;
				CLANG_CXX_LANGUAGE_STANDARD = "gnu++14";
				CLANG_CXX_LIBRARY = "libc++";
				CLANG_ENABLE_MODULES = YES;
				CLANG_ENABLE_OBJC_ARC = YES;
				CLANG_WARN_BLOCK_CAPTURE_AUTORELEASING = YES;
				CLANG_WARN_BOOL_CONVERSION = YES;
				CLANG_WARN_COMMA = YES;
				CLANG_WARN_CONSTANT_CONVERSION = YES;
				CLANG_WARN_DIRECT_OBJC_ISA_USAGE = YES_ERROR;
				CLANG_WARN_DOCUMENTATION_COMMENTS = YES;
				CLANG_WARN_EMPTY_BODY = YES;
				CLANG_WARN_ENUM_CONVERSION = YES;
				CLANG_WARN_INFINITE_RECURSION = YES;
				CLANG_WARN_INT_CONVERSION = YES;
				CLANG_WARN_NON_LITERAL_NULL_CONVERSION = YES;
				CLANG_WARN_OBJC_LITERAL_CONVERSION = YES;
				CLANG_WARN_OBJC_ROOT_CLASS = YES_ERROR;
				CLANG_WARN_RANGE_LOOP_ANALYSIS = YES;
				CLANG_WARN_STRICT_PROTOTYPES = YES;
				CLANG_WARN_SUSPICIOUS_MOVE = YES;
				CLANG_WARN_UNGUARDED_AVAILABILITY = YES_AGGRESSIVE;
				CLANG_WARN_UNREACHABLE_CODE = YES;
				CLANG_WARN__DUPLICATE_METHOD_MATCH = YES;
				CODE_SIGN_IDENTITY = "iPhone Developer";
				COPY_PHASE_STRIP = NO;
				DEBUG_INFORMATION_FORMAT = dwarf;
				ENABLE_STRICT_OBJC_MSGSEND = YES;
				ENABLE_TESTABILITY = YES;
				GCC_C_LANGUAGE_STANDARD = gnu11;
				GCC_DYNAMIC_NO_PIC = NO;
				GCC_NO_COMMON_BLOCKS = YES;
				GCC_OPTIMIZATION_LEVEL = 0;
				GCC_PREPROCESSOR_DEFINITIONS = (
					"DEBUG=1",
					"$(inherited)",
				);
				GCC_WARN_64_TO_32_BIT_CONVERSION = YES;
				GCC_WARN_ABOUT_RETURN_TYPE = YES_ERROR;
				GCC_WARN_UNDECLARED_SELECTOR = YES;
				GCC_WARN_UNINITIALIZED_AUTOS = YES_AGGRESSIVE;
				GCC_WARN_UNUSED_FUNCTION = YES;
				GCC_WARN_UNUSED_VARIABLE = YES;
				IPHONEOS_DEPLOYMENT_TARGET = 11.2;
				MTL_ENABLE_DEBUG_INFO = YES;
				ONLY_ACTIVE_ARCH = YES;
				SDKROOT = iphoneos;
				SWIFT_ACTIVE_COMPILATION_CONDITIONS = DEBUG;
				SWIFT_OPTIMIZATION_LEVEL = "-Onone";
			};
			name = Debug;
		};
		CF0C6A562023007600721241 /* Release */ = {
			isa = XCBuildConfiguration;
			buildSettings = {
				ALWAYS_SEARCH_USER_PATHS = NO;
				CLANG_ANALYZER_NONNULL = YES;
				CLANG_ANALYZER_NUMBER_OBJECT_CONVERSION = YES_AGGRESSIVE;
				CLANG_CXX_LANGUAGE_STANDARD = "gnu++14";
				CLANG_CXX_LIBRARY = "libc++";
				CLANG_ENABLE_MODULES = YES;
				CLANG_ENABLE_OBJC_ARC = YES;
				CLANG_WARN_BLOCK_CAPTURE_AUTORELEASING = YES;
				CLANG_WARN_BOOL_CONVERSION = YES;
				CLANG_WARN_COMMA = YES;
				CLANG_WARN_CONSTANT_CONVERSION = YES;
				CLANG_WARN_DIRECT_OBJC_ISA_USAGE = YES_ERROR;
				CLANG_WARN_DOCUMENTATION_COMMENTS = YES;
				CLANG_WARN_EMPTY_BODY = YES;
				CLANG_WARN_ENUM_CONVERSION = YES;
				CLANG_WARN_INFINITE_RECURSION = YES;
				CLANG_WARN_INT_CONVERSION = YES;
				CLANG_WARN_NON_LITERAL_NULL_CONVERSION = YES;
				CLANG_WARN_OBJC_LITERAL_CONVERSION = YES;
				CLANG_WARN_OBJC_ROOT_CLASS = YES_ERROR;
				CLANG_WARN_RANGE_LOOP_ANALYSIS = YES;
				CLANG_WARN_STRICT_PROTOTYPES = YES;
				CLANG_WARN_SUSPICIOUS_MOVE = YES;
				CLANG_WARN_UNGUARDED_AVAILABILITY = YES_AGGRESSIVE;
				CLANG_WARN_UNREACHABLE_CODE = YES;
				CLANG_WARN__DUPLICATE_METHOD_MATCH = YES;
				CODE_SIGN_IDENTITY = "iPhone Developer";
				COPY_PHASE_STRIP = NO;
				DEBUG_INFORMATION_FORMAT = "dwarf-with-dsym";
				ENABLE_NS_ASSERTIONS = NO;
				ENABLE_STRICT_OBJC_MSGSEND = YES;
				GCC_C_LANGUAGE_STANDARD = gnu11;
				GCC_NO_COMMON_BLOCKS = YES;
				GCC_WARN_64_TO_32_BIT_CONVERSION = YES;
				GCC_WARN_ABOUT_RETURN_TYPE = YES_ERROR;
				GCC_WARN_UNDECLARED_SELECTOR = YES;
				GCC_WARN_UNINITIALIZED_AUTOS = YES_AGGRESSIVE;
				GCC_WARN_UNUSED_FUNCTION = YES;
				GCC_WARN_UNUSED_VARIABLE = YES;
				IPHONEOS_DEPLOYMENT_TARGET = 11.2;
				MTL_ENABLE_DEBUG_INFO = NO;
				SDKROOT = iphoneos;
				SWIFT_OPTIMIZATION_LEVEL = "-Owholemodule";
				VALIDATE_PRODUCT = YES;
			};
			name = Release;
		};
		CF0C6A582023007600721241 /* Debug */ = {
			isa = XCBuildConfiguration;
			buildSettings = {
				ASSETCATALOG_COMPILER_APPICON_NAME = AppIcon;
				CODE_SIGN_STYLE = Automatic;
				INFOPLIST_FILE = Amego/Info.plist;
				LD_RUNPATH_SEARCH_PATHS = "$(inherited) @executable_path/Frameworks";
				PRODUCT_BUNDLE_IDENTIFIER = com.stigasoft.com.Amego;
				PRODUCT_NAME = "$(TARGET_NAME)";
				SWIFT_VERSION = 4.0;
				TARGETED_DEVICE_FAMILY = "1,2";
			};
			name = Debug;
		};
		CF0C6A592023007600721241 /* Release */ = {
			isa = XCBuildConfiguration;
			buildSettings = {
				ASSETCATALOG_COMPILER_APPICON_NAME = AppIcon;
				CODE_SIGN_STYLE = Automatic;
				INFOPLIST_FILE = Amego/Info.plist;
				LD_RUNPATH_SEARCH_PATHS = "$(inherited) @executable_path/Frameworks";
				PRODUCT_BUNDLE_IDENTIFIER = com.stigasoft.com.Amego;
				PRODUCT_NAME = "$(TARGET_NAME)";
				SWIFT_VERSION = 4.0;
				TARGETED_DEVICE_FAMILY = "1,2";
			};
			name = Release;
		};
/* End XCBuildConfiguration section */

/* Begin XCConfigurationList section */
		CF0C6A402023007600721241 /* Build configuration list for PBXProject "Amego" */ = {
			isa = XCConfigurationList;
			buildConfigurations = (
				CF0C6A552023007600721241 /* Debug */,
				CF0C6A562023007600721241 /* Release */,
			);
			defaultConfigurationIsVisible = 0;
			defaultConfigurationName = Release;
		};
		CF0C6A572023007600721241 /* Build configuration list for PBXNativeTarget "Amego" */ = {
			isa = XCConfigurationList;
			buildConfigurations = (
				CF0C6A582023007600721241 /* Debug */,
				CF0C6A592023007600721241 /* Release */,
			);
			defaultConfigurationIsVisible = 0;
			defaultConfigurationName = Release;
		};
/* End XCConfigurationList section */
	};
	rootObject = CF0C6A3D2023007600721241 /* Project object */;
}
